// !$*UTF8*$!
{
	archiveVersion = 1;
	classes = {
	};
	objectVersion = 110;
	objects = {

/* Begin PBXBuildFile section */
		D887F8073002553C00BC205E /* MarkdownEngine in Frameworks */ = {isa = PBXBuildFile; productRef = D887F8063002553C00BC205E /* MarkdownEngine */; };
		D887F8093002553C00BC205E /* MarkdownEngineCodeBlocks in Frameworks */ = {isa = PBXBuildFile; productRef = D887F8083002553C00BC205E /* MarkdownEngineCodeBlocks */; };
		D887F80B3002553C00BC205E /* MarkdownEngineLatex in Frameworks */ = {isa = PBXBuildFile; productRef = D887F80A3002553C00BC205E /* MarkdownEngineLatex */; };
		F10000000000000000000005 /* PreviewViewController.swift in Sources */ = {isa = PBXBuildFile; fileRef = F10000000000000000000003 /* PreviewViewController.swift */; };
		F10000000000000000000006 /* MarkdownEngine in Frameworks */ = {isa = PBXBuildFile; productRef = D887F8063002553C00BC205E /* MarkdownEngine */; };
		F10000000000000000000007 /* SegnoQuickLook.appex in Embed App Extensions */ = {isa = PBXBuildFile; fileRef = F10000000000000000000001 /* SegnoQuickLook.appex */; settings = {ATTRIBUTES = (RemoveHeadersOnCopy, ); }; };
		F10000000000000000000012 /* MarkdownEngineLatex in Frameworks */ = {isa = PBXBuildFile; productRef = D887F80A3002553C00BC205E /* MarkdownEngineLatex */; };
		F10000000000000000000013 /* InfoPlist.strings in Resources */ = {isa = PBXBuildFile; fileRef = F10000000000000000000018 /* InfoPlist.strings */; };
		F10000000000000000000019 /* Marks/MarkdownStyleServiceCache.swift in Sources */ = {isa = PBXBuildFile; fileRef = F1000000000000000000001A /* Marks/MarkdownStyleServiceCache.swift */; };
		F1000000000000000000001B /* MarkdownEngineCodeBlocks in Frameworks */ = {isa = PBXBuildFile; productRef = D887F8083002553C00BC205E /* MarkdownEngineCodeBlocks */; };
/* End PBXBuildFile section */

/* Begin PBXContainerItemProxy section */
		F10000000000000000000011 /* PBXContainerItemProxy */ = {
			isa = PBXContainerItemProxy;
			containerPortal = D887F7EF3002548D00BC205E /* Project object */;
			proxyType = 1;
			remoteGlobalIDString = F1000000000000000000000C;
			remoteInfo = SegnoQuickLook;
		};
/* End PBXContainerItemProxy section */

/* Begin PBXCopyFilesBuildPhase section */
		F10000000000000000000008 /* Embed App Extensions */ = {
			isa = PBXCopyFilesBuildPhase;
			dstPath = "";
			dstSubfolder = PlugIns;
			files = (
				F10000000000000000000007 /* SegnoQuickLook.appex in Embed App Extensions */,
			);
			name = "Embed App Extensions";
		};
/* End PBXCopyFilesBuildPhase section */

/* Begin PBXFileReference section */
		D887F7F73002548D00BC205E /* Segno.app */ = {isa = PBXFileReference; explicitFileType = wrapper.application; includeInIndex = 0; path = Segno.app; sourceTree = BUILT_PRODUCTS_DIR; };
		F10000000000000000000001 /* SegnoQuickLook.appex */ = {isa = PBXFileReference; explicitFileType = "wrapper.app-extension"; includeInIndex = 0; path = SegnoQuickLook.appex; sourceTree = BUILT_PRODUCTS_DIR; };
		F10000000000000000000003 /* PreviewViewController.swift */ = {isa = PBXFileReference; lastKnownFileType = sourcecode.swift; path = PreviewViewController.swift; sourceTree = "<group>"; };
		F10000000000000000000004 /* Info.plist */ = {isa = PBXFileReference; lastKnownFileType = text.plist.xml; path = Info.plist; sourceTree = "<group>"; };
		F10000000000000000000014 /* ko */ = {isa = PBXFileReference; lastKnownFileType = text.plist.strings; name = ko; path = ko.lproj/InfoPlist.strings; sourceTree = "<group>"; };
		F10000000000000000000015 /* ja */ = {isa = PBXFileReference; lastKnownFileType = text.plist.strings; name = ja; path = ja.lproj/InfoPlist.strings; sourceTree = "<group>"; };
		F10000000000000000000016 /* zh-Hans */ = {isa = PBXFileReference; lastKnownFileType = text.plist.strings; name = "zh-Hans"; path = "zh-Hans.lproj/InfoPlist.strings"; sourceTree = "<group>"; };
		F10000000000000000000017 /* zh-Hant */ = {isa = PBXFileReference; lastKnownFileType = text.plist.strings; name = "zh-Hant"; path = "zh-Hant.lproj/InfoPlist.strings"; sourceTree = "<group>"; };
		F1000000000000000000001A /* Marks/MarkdownStyleServiceCache.swift */ = {isa = PBXFileReference; lastKnownFileType = sourcecode.swift; path = Marks/MarkdownStyleServiceCache.swift; sourceTree = SOURCE_ROOT; };
/* End PBXFileReference section */

/* Begin PBXFileSystemSynchronizedRootGroup section */
		D887F7F93002548D00BC205E /* Segno */ = {
			isa = PBXFileSystemSynchronizedRootGroup;
			path = Marks;
			sourceTree = "<group>";
		};
/* End PBXFileSystemSynchronizedRootGroup section */

/* Begin PBXFrameworksBuildPhase section */
		D887F7F43002548D00BC205E /* Frameworks */ = {
			isa = PBXFrameworksBuildPhase;
			files = (
				D887F8093002553C00BC205E /* MarkdownEngineCodeBlocks in Frameworks */,
				D887F8073002553C00BC205E /* MarkdownEngine in Frameworks */,
				D887F80B3002553C00BC205E /* MarkdownEngineLatex in Frameworks */,
			);
		};
		F1000000000000000000000A /* Frameworks */ = {
			isa = PBXFrameworksBuildPhase;
			files = (
				F10000000000000000000006 /* MarkdownEngine in Frameworks */,
				F1000000000000000000001B /* MarkdownEngineCodeBlocks in Frameworks */,
				F10000000000000000000012 /* MarkdownEngineLatex in Frameworks */,
			);
		};
/* End PBXFrameworksBuildPhase section */

/* Begin PBXGroup section */
		D887F7EE3002548D00BC205E = {
			isa = PBXGroup;
			children = (
				D887F7F93002548D00BC205E /* Segno */,
				F10000000000000000000002 /* SegnoQuickLook */,
				D887F7F83002548D00BC205E /* Products */,
				D8AC52AF3076499000988D1D /* Recovered References */,
			);
			sourceTree = "<group>";
		};
		D887F7F83002548D00BC205E /* Products */ = {
			isa = PBXGroup;
			children = (
				D887F7F73002548D00BC205E /* Segno.app */,
				F10000000000000000000001 /* SegnoQuickLook.appex */,
			);
			name = Products;
			sourceTree = "<group>";
		};
		D8AC52AF3076499000988D1D /* Recovered References */ = {
			isa = PBXGroup;
			children = (
				F1000000000000000000001A /* Marks/MarkdownStyleServiceCache.swift */,
			);
			name = "Recovered References";
			sourceTree = "<group>";
		};
		F10000000000000000000002 /* SegnoQuickLook */ = {
			isa = PBXGroup;
			children = (
				F10000000000000000000003 /* PreviewViewController.swift */,
				F10000000000000000000004 /* Info.plist */,
				F10000000000000000000018 /* InfoPlist.strings */,
			);
			path = MarksQuickLook;
			sourceTree = "<group>";
		};
/* End PBXGroup section */

/* Begin PBXNativeTarget section */
		D887F7F63002548D00BC205E /* Segno */ = {
			isa = PBXNativeTarget;
			buildConfigurationList = D887F8023002548F00BC205E /* Build configuration list for PBXNativeTarget "Segno" */;
			buildPhases = (
				D887F7F33002548D00BC205E /* Sources */,
				D887F7F43002548D00BC205E /* Frameworks */,
				D887F7F53002548D00BC205E /* Resources */,
				F10000000000000000000008 /* Embed App Extensions */,
			);
			buildRules = (
			);
			dependencies = (
				F10000000000000000000010 /* PBXTargetDependency */,
			);
			fileSystemSynchronizedGroups = (
				D887F7F93002548D00BC205E /* Segno */,
			);
			name = Segno;
			packageProductDependencies = (
				D887F8063002553C00BC205E /* MarkdownEngine */,
				D887F8083002553C00BC205E /* MarkdownEngineCodeBlocks */,
				D887F80A3002553C00BC205E /* MarkdownEngineLatex */,
			);
			productName = Segno;
			productReference = D887F7F73002548D00BC205E /* Segno.app */;
			productType = "com.apple.product-type.application";
		};
		F1000000000000000000000C /* SegnoQuickLook */ = {
			isa = PBXNativeTarget;
			buildConfigurationList = F1000000000000000000000F /* Build configuration list for PBXNativeTarget "SegnoQuickLook" */;
			buildPhases = (
				F10000000000000000000009 /* Sources */,
				F1000000000000000000000A /* Frameworks */,
				F1000000000000000000000B /* Resources */,
			);
			buildRules = (
			);
			name = SegnoQuickLook;
			packageProductDependencies = (
				D887F8063002553C00BC205E /* MarkdownEngine */,
				D887F8083002553C00BC205E /* MarkdownEngineCodeBlocks */,
				D887F80A3002553C00BC205E /* MarkdownEngineLatex */,
			);
			productName = SegnoQuickLook;
			productReference = F10000000000000000000001 /* SegnoQuickLook.appex */;
			productType = "com.apple.product-type.app-extension";
		};
/* End PBXNativeTarget section */

/* Begin PBXProject section */
		D887F7EF3002548D00BC205E /* Project object */ = {
			isa = PBXProject;
			attributes = {
				BuildIndependentTargetsInParallel = 1;
				LastSwiftUpdateCheck = 2700;
				LastUpgradeCheck = 2700;
				TargetAttributes = {
					D887F7F63002548D00BC205E = {
						CreatedOnToolsVersion = 27.0;
					};
					F1000000000000000000000C = {
						CreatedOnToolsVersion = 27.0;
					};
				};
			};
			buildConfigurationList = D887F7F23002548D00BC205E /* Build configuration list for PBXProject "Segno" */;
			developmentRegion = en;
			hasScannedForEncodings = 0;
			knownRegions = (
				en,
				ko,
				ja,
				"zh-Hans",
				"zh-Hant",
				Base,
			);
			mainGroup = D887F7EE3002548D00BC205E;
			minimizedProjectReferenceProxies = 1;
			packageReferences = (
				D887F8053002553C00BC205E /* XCRemoteSwiftPackageReference "swift-markdown-engine" */,
			);
			preferredProjectObjectVersion = 77;
			productRefGroup = D887F7F83002548D00BC205E /* Products */;
			projectDirPath = "";
			projectRoot = "";
			targets = (
				D887F7F63002548D00BC205E /* Segno */,
				F1000000000000000000000C /* SegnoQuickLook */,
			);
		};
/* End PBXProject section */

/* Begin PBXResourcesBuildPhase section */
		D887F7F53002548D00BC205E /* Resources */ = {
			isa = PBXResourcesBuildPhase;
			files = (
			);
		};
		F1000000000000000000000B /* Resources */ = {
			isa = PBXResourcesBuildPhase;
			files = (
				F10000000000000000000013 /* InfoPlist.strings in Resources */,
			);
		};
/* End PBXResourcesBuildPhase section */

/* Begin PBXSourcesBuildPhase section */
		D887F7F33002548D00BC205E /* Sources */ = {
			isa = PBXSourcesBuildPhase;
			files = (
			);
		};
		F10000000000000000000009 /* Sources */ = {
			isa = PBXSourcesBuildPhase;
			files = (
				F10000000000000000000005 /* PreviewViewController.swift in Sources */,
				F10000000000000000000019 /* Marks/MarkdownStyleServiceCache.swift in Sources */,
			);
		};
/* End PBXSourcesBuildPhase section */

/* Begin PBXTargetDependency section */
		F10000000000000000000010 /* PBXTargetDependency */ = {
			isa = PBXTargetDependency;
			target = F1000000000000000000000C /* SegnoQuickLook */;
			targetProxy = F10000000000000000000011 /* PBXContainerItemProxy */;
		};
/* End PBXTargetDependency section */

/* Begin PBXVariantGroup section */
		F10000000000000000000018 /* InfoPlist.strings */ = {
			isa = PBXVariantGroup;
			children = (
				F10000000000000000000014 /* ko */,
				F10000000000000000000015 /* ja */,
				F10000000000000000000016 /* zh-Hans */,
				F10000000000000000000017 /* zh-Hant */,
			);
			name = InfoPlist.strings;
			sourceTree = "<group>";
		};
/* End PBXVariantGroup section */

/* Begin XCBuildConfiguration section */
		D887F8003002548F00BC205E /* Debug configuration for PBXProject "Segno" */ = {
			isa = XCBuildConfiguration;
			buildSettings = {
				ALWAYS_SEARCH_USER_PATHS = NO;
				ASSETCATALOG_COMPILER_GENERATE_SWIFT_ASSET_SYMBOL_EXTENSIONS = YES;
				CLANG_ANALYZER_NONNULL = YES;
				CLANG_ANALYZER_NUMBER_OBJECT_CONVERSION = YES_AGGRESSIVE;
				CLANG_CXX_LANGUAGE_STANDARD = "gnu++20";
				CLANG_ENABLE_MODULES = YES;
				CLANG_ENABLE_OBJC_ARC = YES;
				CLANG_ENABLE_OBJC_WEAK = YES;
				CLANG_WARN_BLOCK_CAPTURE_AUTORELEASING = YES;
				CLANG_WARN_BOOL_CONVERSION = YES;
				CLANG_WARN_COMMA = YES;
				CLANG_WARN_CONSTANT_CONVERSION = YES;
				CLANG_WARN_DEPRECATED_OBJC_IMPLEMENTATIONS = YES;
				CLANG_WARN_DIRECT_OBJC_ISA_USAGE = YES_ERROR;
				CLANG_WARN_DOCUMENTATION_COMMENTS = YES;
				CLANG_WARN_EMPTY_BODY = YES;
				CLANG_WARN_ENUM_CONVERSION = YES;
				CLANG_WARN_INFINITE_RECURSION = YES;
				CLANG_WARN_INT_CONVERSION = YES;
				CLANG_WARN_NON_LITERAL_NULL_CONVERSION = YES;
				CLANG_WARN_OBJC_IMPLICIT_RETAIN_SELF = YES;
				CLANG_WARN_OBJC_LITERAL_CONVERSION = YES;
				CLANG_WARN_OBJC_ROOT_CLASS = YES_ERROR;
				CLANG_WARN_QUOTED_INCLUDE_IN_FRAMEWORK_HEADER = YES;
				CLANG_WARN_RANGE_LOOP_ANALYSIS = YES;
				CLANG_WARN_STRICT_PROTOTYPES = YES;
				CLANG_WARN_SUSPICIOUS_MOVE = YES;
				CLANG_WARN_UNGUARDED_AVAILABILITY = YES_AGGRESSIVE;
				CLANG_WARN_UNREACHABLE_CODE = YES;
				CLANG_WARN__DUPLICATE_METHOD_MATCH = YES;
				COPY_PHASE_STRIP = NO;
				DEBUG_INFORMATION_FORMAT = dwarf;
				DEVELOPMENT_TEAM = 4P3N4NY7BH;
				ENABLE_STRICT_OBJC_MSGSEND = YES;
				ENABLE_TESTABILITY = YES;
				ENABLE_USER_SCRIPT_SANDBOXING = YES;
				GCC_C_LANGUAGE_STANDARD = gnu17;
				GCC_DYNAMIC_NO_PIC = NO;
				GCC_NO_COMMON_BLOCKS = YES;
				GCC_OPTIMIZATION_LEVEL = 0;
				GCC_PREPROCESSOR_DEFINITIONS = (
					"DEBUG=1",
					"$(inherited)",
				);
				GCC_WARN_64_TO_32_BIT_CONVERSION = YES;
				GCC_WARN_ABOUT_RETURN_TYPE = YES_ERROR;
				GCC_WARN_UNDECLARED_SELECTOR = YES;
				GCC_WARN_UNINITIALIZED_AUTOS = YES_AGGRESSIVE;
				GCC_WARN_UNUSED_FUNCTION = YES;
				GCC_WARN_UNUSED_VARIABLE = YES;
				LOCALIZATION_PREFERS_STRING_CATALOGS = YES;
				MACOSX_DEPLOYMENT_TARGET = 27.0;
				MTL_ENABLE_DEBUG_INFO = INCLUDE_SOURCE;
				MTL_FAST_MATH = YES;
				ONLY_ACTIVE_ARCH = YES;
				SDKROOT = macosx;
				SWIFT_ACTIVE_COMPILATION_CONDITIONS = "DEBUG $(inherited)";
				SWIFT_OPTIMIZATION_LEVEL = "-Onone";
			};
			name = Debug;
		};
		D887F8013002548F00BC205E /* Release configuration for PBXProject "Segno" */ = {
			isa = XCBuildConfiguration;
			buildSettings = {
				ALWAYS_SEARCH_USER_PATHS = NO;
				ASSETCATALOG_COMPILER_GENERATE_SWIFT_ASSET_SYMBOL_EXTENSIONS = YES;
				CLANG_ANALYZER_NONNULL = YES;
				CLANG_ANALYZER_NUMBER_OBJECT_CONVERSION = YES_AGGRESSIVE;
				CLANG_CXX_LANGUAGE_STANDARD = "gnu++20";
				CLANG_ENABLE_MODULES = YES;
				CLANG_ENABLE_OBJC_ARC = YES;
				CLANG_ENABLE_OBJC_WEAK = YES;
				CLANG_WARN_BLOCK_CAPTURE_AUTORELEASING = YES;
				CLANG_WARN_BOOL_CONVERSION = YES;
				CLANG_WARN_COMMA = YES;
				CLANG_WARN_CONSTANT_CONVERSION = YES;
				CLANG_WARN_DEPRECATED_OBJC_IMPLEMENTATIONS = YES;
				CLANG_WARN_DIRECT_OBJC_ISA_USAGE = YES_ERROR;
				CLANG_WARN_DOCUMENTATION_COMMENTS = YES;
				CLANG_WARN_EMPTY_BODY = YES;
				CLANG_WARN_ENUM_CONVERSION = YES;
				CLANG_WARN_INFINITE_RECURSION = YES;
				CLANG_WARN_INT_CONVERSION = YES;
				CLANG_WARN_NON_LITERAL_NULL_CONVERSION = YES;
				CLANG_WARN_OBJC_IMPLICIT_RETAIN_SELF = YES;
				CLANG_WARN_OBJC_LITERAL_CONVERSION = YES;
				CLANG_WARN_OBJC_ROOT_CLASS = YES_ERROR;
				CLANG_WARN_QUOTED_INCLUDE_IN_FRAMEWORK_HEADER = YES;
				CLANG_WARN_RANGE_LOOP_ANALYSIS = YES;
				CLANG_WARN_STRICT_PROTOTYPES = YES;
				CLANG_WARN_SUSPICIOUS_MOVE = YES;
				CLANG_WARN_UNGUARDED_AVAILABILITY = YES_AGGRESSIVE;
				CLANG_WARN_UNREACHABLE_CODE = YES;
				CLANG_WARN__DUPLICATE_METHOD_MATCH = YES;
				COPY_PHASE_STRIP = NO;
				DEBUG_INFORMATION_FORMAT = "dwarf-with-dsym";
				DEVELOPMENT_TEAM = 4P3N4NY7BH;
				ENABLE_NS_ASSERTIONS = NO;
				ENABLE_STRICT_OBJC_MSGSEND = YES;
				ENABLE_USER_SCRIPT_SANDBOXING = YES;
				GCC_C_LANGUAGE_STANDARD = gnu17;
				GCC_NO_COMMON_BLOCKS = YES;
				GCC_WARN_64_TO_32_BIT_CONVERSION = YES;
				GCC_WARN_ABOUT_RETURN_TYPE = YES_ERROR;
				GCC_WARN_UNDECLARED_SELECTOR = YES;
				GCC_WARN_UNINITIALIZED_AUTOS = YES_AGGRESSIVE;
				GCC_WARN_UNUSED_FUNCTION = YES;
				GCC_WARN_UNUSED_VARIABLE = YES;
				LOCALIZATION_PREFERS_STRING_CATALOGS = YES;
				MACOSX_DEPLOYMENT_TARGET = 27.0;
				MTL_ENABLE_DEBUG_INFO = NO;
				MTL_FAST_MATH = YES;
				SDKROOT = macosx;
				SWIFT_COMPILATION_MODE = wholemodule;
			};
			name = Release;
		};
		D887F8033002548F00BC205E /* Debug configuration for PBXNativeTarget "Segno" */ = {
			isa = XCBuildConfiguration;
			buildSettings = {
				ASSETCATALOG_COMPILER_APPICON_NAME = AppIcon;
				ASSETCATALOG_COMPILER_GLOBAL_ACCENT_COLOR_NAME = AccentColor;
				ASSETCATALOG_COMPILER_INCLUDE_ALL_APPICON_ASSETS = YES;
				CODE_SIGN_STYLE = Automatic;
				CODE_SIGN_ENTITLEMENTS = Segno.entitlements;
				COMBINE_HIDPI_IMAGES = YES;
				CURRENT_PROJECT_VERSION = 2;
				DEVELOPMENT_TEAM = 4P3N4NY7BH;
				ENABLE_APP_SANDBOX = YES;
				ENABLE_HARDENED_RUNTIME = YES;
				ENABLE_PREVIEWS = YES;
				ENABLE_USER_SELECTED_FILES = readwrite;
				GENERATE_INFOPLIST_FILE = YES;
				INFOPLIST_KEY_CFBundleDisplayName = Segno;
				INFOPLIST_KEY_LSApplicationCategoryType = "public.app-category.productivity";
				INFOPLIST_KEY_NSHumanReadableCopyright = "";
				LD_RUNPATH_SEARCH_PATHS = (
					"$(inherited)",
					"@executable_path/../Frameworks",
				);
				MARKETING_VERSION = 1.1;
				PRODUCT_BUNDLE_IDENTIFIER = kyooni18.Segno;
				PRODUCT_NAME = "$(TARGET_NAME)";
				REGISTER_APP_GROUPS = YES;
				STRING_CATALOG_GENERATE_SYMBOLS = YES;
				SWIFT_APPROACHABLE_CONCURRENCY = YES;
				SWIFT_DEFAULT_ACTOR_ISOLATION = MainActor;
				SWIFT_EMIT_LOC_STRINGS = YES;
				SWIFT_UPCOMING_FEATURE_MEMBER_IMPORT_VISIBILITY = YES;
				SWIFT_VERSION = 5.0;
			};
			name = Debug;
		};
		D887F8043002548F00BC205E /* Release configuration for PBXNativeTarget "Segno" */ = {
			isa = XCBuildConfiguration;
			buildSettings = {
				ASSETCATALOG_COMPILER_APPICON_NAME = AppIcon;
				ASSETCATALOG_COMPILER_GLOBAL_ACCENT_COLOR_NAME = AccentColor;
				ASSETCATALOG_COMPILER_INCLUDE_ALL_APPICON_ASSETS = YES;
				CODE_SIGN_STYLE = Automatic;
				CODE_SIGN_ENTITLEMENTS = Segno.entitlements;
				COMBINE_HIDPI_IMAGES = YES;
				CURRENT_PROJECT_VERSION = 2;
				DEVELOPMENT_TEAM = 4P3N4NY7BH;
				ENABLE_APP_SANDBOX = YES;
				ENABLE_HARDENED_RUNTIME = YES;
				ENABLE_PREVIEWS = YES;
				ENABLE_USER_SELECTED_FILES = readwrite;
				GENERATE_INFOPLIST_FILE = YES;
				INFOPLIST_KEY_CFBundleDisplayName = Segno;
				INFOPLIST_KEY_LSApplicationCategoryType = "public.app-category.productivity";
				INFOPLIST_KEY_NSHumanReadableCopyright = "";
				LD_RUNPATH_SEARCH_PATHS = (
					"$(inherited)",
					"@executable_path/../Frameworks",
				);
				MARKETING_VERSION = 1.1;
				PRODUCT_BUNDLE_IDENTIFIER = kyooni18.Segno;
				PRODUCT_NAME = "$(TARGET_NAME)";
				REGISTER_APP_GROUPS = YES;
				STRING_CATALOG_GENERATE_SYMBOLS = YES;
				SWIFT_APPROACHABLE_CONCURRENCY = YES;
				SWIFT_DEFAULT_ACTOR_ISOLATION = MainActor;
				SWIFT_EMIT_LOC_STRINGS = YES;
				SWIFT_UPCOMING_FEATURE_MEMBER_IMPORT_VISIBILITY = YES;
				SWIFT_VERSION = 5.0;
			};
			name = Release;
		};
		F1000000000000000000000D /* Debug configuration for PBXNativeTarget "SegnoQuickLook" */ = {
			isa = XCBuildConfiguration;
			buildSettings = {
				APPLICATION_EXTENSION_API_ONLY = YES;
				CODE_SIGN_STYLE = Automatic;
				CURRENT_PROJECT_VERSION = 2;
				DEVELOPMENT_TEAM = 4P3N4NY7BH;
				ENABLE_APP_SANDBOX = YES;
				GENERATE_INFOPLIST_FILE = NO;
				INFOPLIST_FILE = MarksQuickLook/Info.plist;
				LD_RUNPATH_SEARCH_PATHS = (
					"$(inherited)",
					"@executable_path/../Frameworks",
					"@executable_path/../../../../Frameworks",
				);
				MARKETING_VERSION = 1.1;
				PRODUCT_BUNDLE_IDENTIFIER = kyooni18.Segno.MarkdownPreview;
				PRODUCT_NAME = "$(TARGET_NAME)";
				SKIP_INSTALL = YES;
				SWIFT_APPROACHABLE_CONCURRENCY = YES;
				SWIFT_DEFAULT_ACTOR_ISOLATION = MainActor;
				SWIFT_EMIT_LOC_STRINGS = YES;
				SWIFT_UPCOMING_FEATURE_MEMBER_IMPORT_VISIBILITY = YES;
				SWIFT_VERSION = 5.0;
			};
			name = Debug;
		};
		F1000000000000000000000E /* Release configuration for PBXNativeTarget "SegnoQuickLook" */ = {
			isa = XCBuildConfiguration;
			buildSettings = {
				APPLICATION_EXTENSION_API_ONLY = YES;
				CODE_SIGN_STYLE = Automatic;
				CURRENT_PROJECT_VERSION = 2;
				DEVELOPMENT_TEAM = 4P3N4NY7BH;
				ENABLE_APP_SANDBOX = YES;
				GENERATE_INFOPLIST_FILE = NO;
				INFOPLIST_FILE = MarksQuickLook/Info.plist;
				LD_RUNPATH_SEARCH_PATHS = (
					"$(inherited)",
					"@executable_path/../Frameworks",
					"@executable_path/../../../../Frameworks",
				);
				MARKETING_VERSION = 1.1;
				PRODUCT_BUNDLE_IDENTIFIER = kyooni18.Segno.MarkdownPreview;
				PRODUCT_NAME = "$(TARGET_NAME)";
				SKIP_INSTALL = YES;
				SWIFT_APPROACHABLE_CONCURRENCY = YES;
				SWIFT_DEFAULT_ACTOR_ISOLATION = MainActor;
				SWIFT_EMIT_LOC_STRINGS = YES;
				SWIFT_UPCOMING_FEATURE_MEMBER_IMPORT_VISIBILITY = YES;
				SWIFT_VERSION = 5.0;
			};
			name = Release;
		};
/* End XCBuildConfiguration section */

/* Begin XCConfigurationList section */
		D887F7F23002548D00BC205E /* Build configuration list for PBXProject "Segno" */ = {
			isa = XCConfigurationList;
			buildConfigurations = (
				D887F8003002548F00BC205E /* Debug configuration for PBXProject "Segno" */,
				D887F8013002548F00BC205E /* Release configuration for PBXProject "Segno" */,
			);
			defaultConfigurationName = Release;
		};
		D887F8023002548F00BC205E /* Build configuration list for PBXNativeTarget "Segno" */ = {
			isa = XCConfigurationList;
			buildConfigurations = (
				D887F8033002548F00BC205E /* Debug configuration for PBXNativeTarget "Segno" */,
				D887F8043002548F00BC205E /* Release configuration for PBXNativeTarget "Segno" */,
			);
			defaultConfigurationName = Release;
		};
		F1000000000000000000000F /* Build configuration list for PBXNativeTarget "SegnoQuickLook" */ = {
			isa = XCConfigurationList;
			buildConfigurations = (
				F1000000000000000000000D /* Debug configuration for PBXNativeTarget "SegnoQuickLook" */,
				F1000000000000000000000E /* Release configuration for PBXNativeTarget "SegnoQuickLook" */,
			);
			defaultConfigurationName = Release;
		};
/* End XCConfigurationList section */

/* Begin XCRemoteSwiftPackageReference section */
		D887F8053002553C00BC205E /* XCRemoteSwiftPackageReference "swift-markdown-engine" */ = {
			isa = XCRemoteSwiftPackageReference;
			repositoryURL = "https://github.com/nodes-app/swift-markdown-engine";
			requirement = {
				kind = upToNextMajorVersion;
				minimumVersion = 0.8.0;
			};
		};
/* End XCRemoteSwiftPackageReference section */

/* Begin XCSwiftPackageProductDependency section */
		D887F8063002553C00BC205E /* MarkdownEngine */ = {
			isa = XCSwiftPackageProductDependency;
			package = D887F8053002553C00BC205E /* XCRemoteSwiftPackageReference "swift-markdown-engine" */;
			productName = MarkdownEngine;
		};
		D887F8083002553C00BC205E /* MarkdownEngineCodeBlocks */ = {
			isa = XCSwiftPackageProductDependency;
			package = D887F8053002553C00BC205E /* XCRemoteSwiftPackageReference "swift-markdown-engine" */;
			productName = MarkdownEngineCodeBlocks;
		};
		D887F80A3002553C00BC205E /* MarkdownEngineLatex */ = {
			isa = XCSwiftPackageProductDependency;
			package = D887F8053002553C00BC205E /* XCRemoteSwiftPackageReference "swift-markdown-engine" */;
			productName = MarkdownEngineLatex;
		};
/* End XCSwiftPackageProductDependency section */
	};
	rootObject = D887F7EF3002548D00BC205E /* Project object */;
	validationLevel = 1;
}
